
Microsoft Visual Studio Solution File, Format Version 12.00
# Visual Studio Version 17
VisualStudioVersion = 17.13.35919.96 d17.13
MinimumVisualStudioVersion = 10.0.40219.1
Project("{8BC9CEB8-8B4A-11D0-8D11-00A0C91BC942}") = "StockPrice", "StockPrice\StockPrice.vcxproj", "{6A2586FF-61C6-4203-A20E-D2DFA5B3AFD7}"
EndProject
Global
	GlobalSection(SolutionConfigurationPlatforms) = preSolution
		Debug|x64 = Debug|x64
		Debug|x86 = Debug|x86
		Release|x64 = Release|x64
		Release|x86 = Release|x86
	EndGlobalSection
	GlobalSection(ProjectConfigurationPlatforms) = postSolution
		{6A2586FF-61C6-4203-A20E-D2DFA5B3AFD7}.Debug|x64.ActiveCfg = Debug|x64
		{6A2586FF-61C6-4203-A20E-D2DFA5B3AFD7}.Debug|x64.Build.0 = Debug|x64
		{6A2586FF-61C6-4203-A20E-D2DFA5B3AFD7}.Debug|x86.ActiveCfg = Debug|Win32
		{6A2586FF-61C6-4203-A20E-D2DFA5B3AFD7}.Debug|x86.Build.0 = Debug|Win32
		{6A2586FF-61C6-4203-A20E-D2DFA5B3AFD7}.Release|x64.ActiveCfg = Release|x64
		{6A2586FF-61C6-4203-A20E-D2DFA5B3AFD7}.Release|x64.Build.0 = Release|x64
		{6A2586FF-61C6-4203-A20E-D2DFA5B3AFD7}.Release|x86.ActiveCfg = Release|Win32
		{6A2586FF-61C6-4203-A20E-D2DFA5B3AFD7}.Release|x86.Build.0 = Release|Win32
	EndGlobalSection
	GlobalSection(SolutionProperties) = preSolution
		HideSolutionNode = FALSE
	EndGlobalSection
	GlobalSection(ExtensibilityGlobals) = postSolution
		SolutionGuid = {B577E82E-52DF-4334-8FFE-F0CD7F7D15DB}
	EndGlobalSection
EndGlobal
